
Microsoft Visual Studio Solution File, Format Version 12.00
# Visual Studio 14
VisualStudioVersion = 14.0.25420.1
MinimumVisualStudioVersion = 10.0.40219.1
Project("{FAE04EC0-301F-11D3-BF4B-00C04F79EFBC}") = "Wire", "Wire\Wire.csproj", "{7AF8D2B6-9F1F-4A1C-8673-48E533108385}"
EndProject
Project("{FAE04EC0-301F-11D3-BF4B-00C04F79EFBC}") = "Wire.Tests", "Wire.Tests\Wire.Tests.csproj", "{096C7E76-2170-4E5F-9DA5-CD9CCAF0E5DF}"
EndProject
Project("{FAE04EC0-301F-11D3-BF4B-00C04F79EFBC}") = "Wire.PerfTest", "Wire.PerfTest\Wire.PerfTest.csproj", "{35352664-E867-48EC-A0B1-39013CA42FE0}"
EndProject
Project("{F2A71F9B-5D33-465A-A702-920D77279786}") = "Wire.FSharpTestTypes", "Wire.FSharpTestTypes\Wire.FSharpTestTypes.fsproj", "{2D321671-6320-4DD2-B174-2773192D2A5A}"
EndProject
Project("{FAE04EC0-301F-11D3-BF4B-00C04F79EFBC}") = "Wire.PerformanceTests", "Wire.PerformanceTests\Wire.PerformanceTests.csproj", "{19E9324E-C3E9-4751-8B8F-5A456CA98E8C}"
EndProject
Project("{2150E333-8FDC-42A3-9474-1A3956D46DE8}") = "Build", "Build", "{2F3D4EC4-3A41-48C2-9DEA-0510B0FF89B4}"
	ProjectSection(SolutionItems) = preProject
		build.cmd = build.cmd
		build.fsx = build.fsx
		build.sh = build.sh
		RELEASE_NOTES.md = RELEASE_NOTES.md
	EndProjectSection
EndProject
Project("{FAE04EC0-301F-11D3-BF4B-00C04F79EFBC}") = "Wire.Tests.Performance", "Wire.Tests.Performance\Wire.Tests.Performance.csproj", "{44AFCD2C-2220-4B52-817A-BD9C8B600E05}"
EndProject
Global
	GlobalSection(SolutionConfigurationPlatforms) = preSolution
		Debug|Any CPU = Debug|Any CPU
		Release|Any CPU = Release|Any CPU
	EndGlobalSection
	GlobalSection(ProjectConfigurationPlatforms) = postSolution
		{7AF8D2B6-9F1F-4A1C-8673-48E533108385}.Debug|Any CPU.ActiveCfg = Debug|Any CPU
		{7AF8D2B6-9F1F-4A1C-8673-48E533108385}.Debug|Any CPU.Build.0 = Debug|Any CPU
		{7AF8D2B6-9F1F-4A1C-8673-48E533108385}.Release|Any CPU.ActiveCfg = Release|Any CPU
		{7AF8D2B6-9F1F-4A1C-8673-48E533108385}.Release|Any CPU.Build.0 = Release|Any CPU
		{096C7E76-2170-4E5F-9DA5-CD9CCAF0E5DF}.Debug|Any CPU.ActiveCfg = Debug|Any CPU
		{096C7E76-2170-4E5F-9DA5-CD9CCAF0E5DF}.Debug|Any CPU.Build.0 = Debug|Any CPU
		{096C7E76-2170-4E5F-9DA5-CD9CCAF0E5DF}.Release|Any CPU.ActiveCfg = Release|Any CPU
		{096C7E76-2170-4E5F-9DA5-CD9CCAF0E5DF}.Release|Any CPU.Build.0 = Release|Any CPU
		{35352664-E867-48EC-A0B1-39013CA42FE0}.Debug|Any CPU.ActiveCfg = Debug|Any CPU
		{35352664-E867-48EC-A0B1-39013CA42FE0}.Debug|Any CPU.Build.0 = Debug|Any CPU
		{35352664-E867-48EC-A0B1-39013CA42FE0}.Release|Any CPU.ActiveCfg = Release|Any CPU
		{35352664-E867-48EC-A0B1-39013CA42FE0}.Release|Any CPU.Build.0 = Release|Any CPU
		{2D321671-6320-4DD2-B174-2773192D2A5A}.Debug|Any CPU.ActiveCfg = Debug|Any CPU
		{2D321671-6320-4DD2-B174-2773192D2A5A}.Debug|Any CPU.Build.0 = Debug|Any CPU
		{2D321671-6320-4DD2-B174-2773192D2A5A}.Release|Any CPU.ActiveCfg = Release|Any CPU
		{2D321671-6320-4DD2-B174-2773192D2A5A}.Release|Any CPU.Build.0 = Release|Any CPU
		{19E9324E-C3E9-4751-8B8F-5A456CA98E8C}.Debug|Any CPU.ActiveCfg = Debug|Any CPU
		{19E9324E-C3E9-4751-8B8F-5A456CA98E8C}.Debug|Any CPU.Build.0 = Debug|Any CPU
		{19E9324E-C3E9-4751-8B8F-5A456CA98E8C}.Release|Any CPU.ActiveCfg = Release|Any CPU
		{19E9324E-C3E9-4751-8B8F-5A456CA98E8C}.Release|Any CPU.Build.0 = Release|Any CPU
		{44AFCD2C-2220-4B52-817A-BD9C8B600E05}.Debug|Any CPU.ActiveCfg = Debug|Any CPU
		{44AFCD2C-2220-4B52-817A-BD9C8B600E05}.Debug|Any CPU.Build.0 = Debug|Any CPU
		{44AFCD2C-2220-4B52-817A-BD9C8B600E05}.Release|Any CPU.ActiveCfg = Release|Any CPU
		{44AFCD2C-2220-4B52-817A-BD9C8B600E05}.Release|Any CPU.Build.0 = Release|Any CPU
	EndGlobalSection
	GlobalSection(SolutionProperties) = preSolution
		HideSolutionNode = FALSE
	EndGlobalSection
EndGlobal
